
Microsoft Visual Studio Solution File, Format Version 12.00
# Visual Studio Version 17
VisualStudioVersion = 17.14.36623.8 d17.14
MinimumVisualStudioVersion = 10.0.40219.1
Project("{FAE04EC0-301F-11D3-BF4B-00C04F79EFBC}") = "DA_Trello", "DA_Trello.csproj", "{14FC8050-E622-4B39-A0EF-BDA802E7CEDA}"
EndProject
Global
	GlobalSection(SolutionConfigurationPlatforms) = preSolution
		Debug|Any CPU = Debug|Any CPU
		Release|Any CPU = Release|Any CPU
	EndGlobalSection
	GlobalSection(ProjectConfigurationPlatforms) = postSolution
		{14FC8050-E622-4B39-A0EF-BDA802E7CEDA}.Debug|Any CPU.ActiveCfg = Debug|Any CPU
		{14FC8050-E622-4B39-A0EF-BDA802E7CEDA}.Debug|Any CPU.Build.0 = Debug|Any CPU
		{14FC8050-E622-4B39-A0EF-BDA802E7CEDA}.Release|Any CPU.ActiveCfg = Release|Any CPU
		{14FC8050-E622-4B39-A0EF-BDA802E7CEDA}.Release|Any CPU.Build.0 = Release|Any CPU
	EndGlobalSection
	GlobalSection(SolutionProperties) = preSolution
		HideSolutionNode = FALSE
	EndGlobalSection
	GlobalSection(ExtensibilityGlobals) = postSolution
		SolutionGuid = {B0827632-99D9-4ED8-B58D-487BBB38A940}
	EndGlobalSection
EndGlobal
